<?xml version="1.0" encoding="UTF-8"?>
<Project ToolsVersion="14.0" xmlns="http://schemas.microsoft.com/developer/msbuild/2003">
  <ItemGroup>
    <ClCompile Include="C:\dev\rtaudio\ulltra\ulltra.cpp">
      <Filter>main</Filter>
    </ClCompile>
    <ClCompile Include="C:\dev\rtaudio\ulltra\Controller.cpp">
      <Filter>main</Filter>
    </ClCompile>
    <ClCompile Include="C:\dev\rtaudio\ulltra\UlltraProto.cpp">
      <Filter>main</Filter>
    </ClCompile>
    <ClCompile Include="C:\dev\rtaudio\ulltra\audio\AudioIOManager.cpp">
      <Filter>audio</Filter>
    </ClCompile>
    <ClCompile Include="C:\dev\rtaudio\ulltra\audio\AudioCoder.cpp">
      <Filter>audio</Filter>
    </ClCompile>
    <ClCompile Include="C:\dev\rtaudio\ulltra\audio\coders\AacCoder.cpp">
      <Filter>audio</Filter>
    </ClCompile>
    <ClCompile Include="C:\dev\rtaudio\ulltra\audio\WebAudio.cpp">
      <Filter>audio</Filter>
    </ClCompile>
    <ClCompile Include="C:\dev\rtaudio\ulltra\autil\test.cpp">
      <Filter>audio</Filter>
    </ClCompile>
    <ClCompile Include="C:\dev\rtaudio\ulltra\net\Discovery.cpp">
      <Filter>net</Filter>
    </ClCompile>
    <ClCompile Include="C:\dev\rtaudio\ulltra\net\JsonHttpClient.cpp">
      <Filter>net</Filter>
    </ClCompile>
    <ClCompile Include="C:\dev\rtaudio\ulltra\net\JsonHttpServer.cpp">
      <Filter>net</Filter>
    </ClCompile>
    <ClCompile Include="C:\dev\rtaudio\ulltra\net\JsonNode.cpp">
      <Filter>net</Filter>
    </ClCompile>
    <ClCompile Include="C:\dev\rtaudio\ulltra\net\LinkEval.cpp">
      <Filter>net</Filter>
    </ClCompile>
    <ClCompile Include="C:\dev\rtaudio\ulltra\net\LLLink.cpp">
      <Filter>net</Filter>
    </ClCompile>
    <ClCompile Include="C:\dev\rtaudio\ulltra\net\LLTcp.cpp">
      <Filter>net</Filter>
    </ClCompile>
    <ClCompile Include="C:\dev\rtaudio\ulltra\net\LLUdpLink.cpp">
      <Filter>net</Filter>
    </ClCompile>
    <ClCompile Include="C:\dev\rtaudio\ulltra\net\LLUdpQWave.cpp">
      <Filter>net</Filter>
    </ClCompile>
    <ClCompile Include="C:\dev\rtaudio\ulltra\net\SimpleUdpReceiver.cpp">
      <Filter>net</Filter>
    </ClCompile>
    <ClCompile Include="C:\dev\rtaudio\ulltra\net\LLCustomBlock.cpp">
      <Filter>net</Filter>
    </ClCompile>
    <ClCompile Include="C:\dev\rtaudio\ulltra\AudioStreamer.cpp">
      <Filter>streaming</Filter>
    </ClCompile>
    <ClCompile Include="C:\dev\rtaudio\ulltra\AudioStreamerRx.cpp">
      <Filter>streaming</Filter>
    </ClCompile>
    <ClCompile Include="C:\dev\rtaudio\ulltra\AudioStreamerTx.cpp">
      <Filter>streaming</Filter>
    </ClCompile>
    <ClCompile Include="C:\dev\rtaudio\ulltra\OrderingBuffer.cpp">
      <Filter>streaming</Filter>
    </ClCompile>
  </ItemGroup>
  <ItemGroup>
    <CustomBuild Include="C:\dev\rtaudio\ulltra\CMakeLists.txt" />
  </ItemGroup>
  <ItemGroup>
    <Filter Include="main">
      <UniqueIdentifier>{52E804D9-FAD6-3597-B836-FBE5A19D2E84}</UniqueIdentifier>
    </Filter>
    <Filter Include="audio">
      <UniqueIdentifier>{FA611789-7B3A-368C-A4C4-490D0747FE42}</UniqueIdentifier>
    </Filter>
    <Filter Include="net">
      <UniqueIdentifier>{A9BA09D1-AD8A-3532-A8E3-848869A98ABF}</UniqueIdentifier>
    </Filter>
    <Filter Include="streaming">
      <UniqueIdentifier>{0918B076-EE01-3DC7-A40A-BE6E3261B142}</UniqueIdentifier>
    </Filter>
  </ItemGroup>
</Project>
