Microsoft Visual Studio Solution File, Format Version 12.00
# Visual Studio 14
Project("{8BC9CEB8-8B4A-11D0-8D11-00A0C91BC942}") = "ulltra", "ulltra.vcxproj", "{28E62C49-B17A-3855-9859-ACCC79C0DCA9}"
	ProjectSection(ProjectDependencies) = postProject
		{B8A128E4-8279-3868-920B-4547284E520E} = {B8A128E4-8279-3868-920B-4547284E520E}
		{5F5E16ED-8D56-3450-8455-CB8FF9639FF5} = {5F5E16ED-8D56-3450-8455-CB8FF9639FF5}
		{17148655-C9AB-333F-B85B-7257E599C726} = {17148655-C9AB-333F-B85B-7257E599C726}
		{589CC59C-7B3A-32BA-A8DF-F4B4819E8592} = {589CC59C-7B3A-32BA-A8DF-F4B4819E8592}
		{9B0809B0-4302-3349-A6F1-81DCD6C4D6F2} = {9B0809B0-4302-3349-A6F1-81DCD6C4D6F2}
		{2642B407-27FE-3B2B-98EE-904A41AD7AB5} = {2642B407-27FE-3B2B-98EE-904A41AD7AB5}
	EndProjectSection
EndProject
Project("{8BC9CEB8-8B4A-11D0-8D11-00A0C91BC942}") = "AACdec", "fdk-aac\AACdec.vcxproj", "{F9CFCFC8-015A-3684-923C-CD6D23057603}"
	ProjectSection(ProjectDependencies) = postProject
		{B8A128E4-8279-3868-920B-4547284E520E} = {B8A128E4-8279-3868-920B-4547284E520E}
	EndProjectSection
EndProject
Project("{8BC9CEB8-8B4A-11D0-8D11-00A0C91BC942}") = "AACenc", "fdk-aac\AACenc.vcxproj", "{95B19A25-0059-31DF-A7D2-14CD4BAA3FC6}"
	ProjectSection(ProjectDependencies) = postProject
		{B8A128E4-8279-3868-920B-4547284E520E} = {B8A128E4-8279-3868-920B-4547284E520E}
	EndProjectSection
EndProject
Project("{8BC9CEB8-8B4A-11D0-8D11-00A0C91BC942}") = "ALL_BUILD", "ALL_BUILD.vcxproj", "{831D4768-6D7D-3AF5-A16E-1C82EE958EE5}"
	ProjectSection(ProjectDependencies) = postProject
		{F9CFCFC8-015A-3684-923C-CD6D23057603} = {F9CFCFC8-015A-3684-923C-CD6D23057603}
		{95B19A25-0059-31DF-A7D2-14CD4BAA3FC6} = {95B19A25-0059-31DF-A7D2-14CD4BAA3FC6}
		{DF55B175-E854-358A-A881-8CC85DE5F84E} = {DF55B175-E854-358A-A881-8CC85DE5F84E}
		{2A44502D-8AA1-32EA-9549-4DA952C683CE} = {2A44502D-8AA1-32EA-9549-4DA952C683CE}
		{B245D269-AF8D-3B9A-B372-402C17AE9E57} = {B245D269-AF8D-3B9A-B372-402C17AE9E57}
		{7FFC7A5F-FD6D-35AC-9972-4E2F8B81944E} = {7FFC7A5F-FD6D-35AC-9972-4E2F8B81944E}
		{1EDA5224-FB1C-31DD-B7FD-BABFA4DF9353} = {1EDA5224-FB1C-31DD-B7FD-BABFA4DF9353}
		{610F11F1-1DFE-31D2-87E8-19B606CC63AE} = {610F11F1-1DFE-31D2-87E8-19B606CC63AE}
		{B8A128E4-8279-3868-920B-4547284E520E} = {B8A128E4-8279-3868-920B-4547284E520E}
		{1CDD63BC-C1F5-3A14-94E9-4EBE40007835} = {1CDD63BC-C1F5-3A14-94E9-4EBE40007835}
		{5F5E16ED-8D56-3450-8455-CB8FF9639FF5} = {5F5E16ED-8D56-3450-8455-CB8FF9639FF5}
		{17148655-C9AB-333F-B85B-7257E599C726} = {17148655-C9AB-333F-B85B-7257E599C726}
		{589CC59C-7B3A-32BA-A8DF-F4B4819E8592} = {589CC59C-7B3A-32BA-A8DF-F4B4819E8592}
		{F38C534F-7F13-3AA3-A122-BF84516E1BB6} = {F38C534F-7F13-3AA3-A122-BF84516E1BB6}
		{9B0809B0-4302-3349-A6F1-81DCD6C4D6F2} = {9B0809B0-4302-3349-A6F1-81DCD6C4D6F2}
		{2642B407-27FE-3B2B-98EE-904A41AD7AB5} = {2642B407-27FE-3B2B-98EE-904A41AD7AB5}
		{28E62C49-B17A-3855-9859-ACCC79C0DCA9} = {28E62C49-B17A-3855-9859-ACCC79C0DCA9}
	EndProjectSection
EndProject
Project("{8BC9CEB8-8B4A-11D0-8D11-00A0C91BC942}") = "FDK", "fdk-aac\FDK.vcxproj", "{DF55B175-E854-358A-A881-8CC85DE5F84E}"
	ProjectSection(ProjectDependencies) = postProject
		{B8A128E4-8279-3868-920B-4547284E520E} = {B8A128E4-8279-3868-920B-4547284E520E}
	EndProjectSection
EndProject
Project("{8BC9CEB8-8B4A-11D0-8D11-00A0C91BC942}") = "MpegTPDec", "fdk-aac\MpegTPDec.vcxproj", "{2A44502D-8AA1-32EA-9549-4DA952C683CE}"
	ProjectSection(ProjectDependencies) = postProject
		{B8A128E4-8279-3868-920B-4547284E520E} = {B8A128E4-8279-3868-920B-4547284E520E}
	EndProjectSection
EndProject
Project("{8BC9CEB8-8B4A-11D0-8D11-00A0C91BC942}") = "MpegTPEnc", "fdk-aac\MpegTPEnc.vcxproj", "{B245D269-AF8D-3B9A-B372-402C17AE9E57}"
	ProjectSection(ProjectDependencies) = postProject
		{B8A128E4-8279-3868-920B-4547284E520E} = {B8A128E4-8279-3868-920B-4547284E520E}
	EndProjectSection
EndProject
Project("{8BC9CEB8-8B4A-11D0-8D11-00A0C91BC942}") = "PCMutils", "fdk-aac\PCMutils.vcxproj", "{7FFC7A5F-FD6D-35AC-9972-4E2F8B81944E}"
	ProjectSection(ProjectDependencies) = postProject
		{B8A128E4-8279-3868-920B-4547284E520E} = {B8A128E4-8279-3868-920B-4547284E520E}
	EndProjectSection
EndProject
Project("{8BC9CEB8-8B4A-11D0-8D11-00A0C91BC942}") = "SBRdec", "fdk-aac\SBRdec.vcxproj", "{1EDA5224-FB1C-31DD-B7FD-BABFA4DF9353}"
	ProjectSection(ProjectDependencies) = postProject
		{B8A128E4-8279-3868-920B-4547284E520E} = {B8A128E4-8279-3868-920B-4547284E520E}
	EndProjectSection
EndProject
Project("{8BC9CEB8-8B4A-11D0-8D11-00A0C91BC942}") = "SYS", "fdk-aac\SYS.vcxproj", "{610F11F1-1DFE-31D2-87E8-19B606CC63AE}"
	ProjectSection(ProjectDependencies) = postProject
		{B8A128E4-8279-3868-920B-4547284E520E} = {B8A128E4-8279-3868-920B-4547284E520E}
	EndProjectSection
EndProject
Project("{8BC9CEB8-8B4A-11D0-8D11-00A0C91BC942}") = "ZERO_CHECK", "ZERO_CHECK.vcxproj", "{B8A128E4-8279-3868-920B-4547284E520E}"
	ProjectSection(ProjectDependencies) = postProject
	EndProjectSection
EndProject
Project("{8BC9CEB8-8B4A-11D0-8D11-00A0C91BC942}") = "aac-enc", "fdk-aac\aac-enc.vcxproj", "{1CDD63BC-C1F5-3A14-94E9-4EBE40007835}"
	ProjectSection(ProjectDependencies) = postProject
		{B8A128E4-8279-3868-920B-4547284E520E} = {B8A128E4-8279-3868-920B-4547284E520E}
	EndProjectSection
EndProject
Project("{8BC9CEB8-8B4A-11D0-8D11-00A0C91BC942}") = "fdk-aac", "fdk-aac\fdk-aac.vcxproj", "{5F5E16ED-8D56-3450-8455-CB8FF9639FF5}"
	ProjectSection(ProjectDependencies) = postProject
		{B8A128E4-8279-3868-920B-4547284E520E} = {B8A128E4-8279-3868-920B-4547284E520E}
	EndProjectSection
EndProject
Project("{8BC9CEB8-8B4A-11D0-8D11-00A0C91BC942}") = "mongoose", "mongoose.vcxproj", "{17148655-C9AB-333F-B85B-7257E599C726}"
	ProjectSection(ProjectDependencies) = postProject
		{B8A128E4-8279-3868-920B-4547284E520E} = {B8A128E4-8279-3868-920B-4547284E520E}
	EndProjectSection
EndProject
Project("{8BC9CEB8-8B4A-11D0-8D11-00A0C91BC942}") = "pclog", "pclog\pclog.vcxproj", "{589CC59C-7B3A-32BA-A8DF-F4B4819E8592}"
	ProjectSection(ProjectDependencies) = postProject
		{B8A128E4-8279-3868-920B-4547284E520E} = {B8A128E4-8279-3868-920B-4547284E520E}
	EndProjectSection
EndProject
Project("{8BC9CEB8-8B4A-11D0-8D11-00A0C91BC942}") = "rtaudio", "rtaudio\rtaudio.vcxproj", "{F38C534F-7F13-3AA3-A122-BF84516E1BB6}"
	ProjectSection(ProjectDependencies) = postProject
		{B8A128E4-8279-3868-920B-4547284E520E} = {B8A128E4-8279-3868-920B-4547284E520E}
	EndProjectSection
EndProject
Project("{8BC9CEB8-8B4A-11D0-8D11-00A0C91BC942}") = "rtaudio_static", "rtaudio\rtaudio_static.vcxproj", "{9B0809B0-4302-3349-A6F1-81DCD6C4D6F2}"
	ProjectSection(ProjectDependencies) = postProject
		{B8A128E4-8279-3868-920B-4547284E520E} = {B8A128E4-8279-3868-920B-4547284E520E}
	EndProjectSection
EndProject
Project("{8BC9CEB8-8B4A-11D0-8D11-00A0C91BC942}") = "rtt", "rtt\rtt.vcxproj", "{2642B407-27FE-3B2B-98EE-904A41AD7AB5}"
	ProjectSection(ProjectDependencies) = postProject
		{B8A128E4-8279-3868-920B-4547284E520E} = {B8A128E4-8279-3868-920B-4547284E520E}
	EndProjectSection
EndProject
Global
	GlobalSection(SolutionConfigurationPlatforms) = preSolution
		Debug|Win32 = Debug|Win32
		Release|Win32 = Release|Win32
		MinSizeRel|Win32 = MinSizeRel|Win32
		RelWithDebInfo|Win32 = RelWithDebInfo|Win32
	EndGlobalSection
	GlobalSection(ProjectConfigurationPlatforms) = postSolution
		{28E62C49-B17A-3855-9859-ACCC79C0DCA9}.Debug|Win32.ActiveCfg = Debug|Win32
		{28E62C49-B17A-3855-9859-ACCC79C0DCA9}.Debug|Win32.Build.0 = Debug|Win32
		{28E62C49-B17A-3855-9859-ACCC79C0DCA9}.Release|Win32.ActiveCfg = Release|Win32
		{28E62C49-B17A-3855-9859-ACCC79C0DCA9}.Release|Win32.Build.0 = Release|Win32
		{28E62C49-B17A-3855-9859-ACCC79C0DCA9}.MinSizeRel|Win32.ActiveCfg = MinSizeRel|Win32
		{28E62C49-B17A-3855-9859-ACCC79C0DCA9}.MinSizeRel|Win32.Build.0 = MinSizeRel|Win32
		{28E62C49-B17A-3855-9859-ACCC79C0DCA9}.RelWithDebInfo|Win32.ActiveCfg = RelWithDebInfo|Win32
		{28E62C49-B17A-3855-9859-ACCC79C0DCA9}.RelWithDebInfo|Win32.Build.0 = RelWithDebInfo|Win32
		{F9CFCFC8-015A-3684-923C-CD6D23057603}.Debug|Win32.ActiveCfg = Debug|Win32
		{F9CFCFC8-015A-3684-923C-CD6D23057603}.Debug|Win32.Build.0 = Debug|Win32
		{F9CFCFC8-015A-3684-923C-CD6D23057603}.Release|Win32.ActiveCfg = Release|Win32
		{F9CFCFC8-015A-3684-923C-CD6D23057603}.Release|Win32.Build.0 = Release|Win32
		{F9CFCFC8-015A-3684-923C-CD6D23057603}.MinSizeRel|Win32.ActiveCfg = MinSizeRel|Win32
		{F9CFCFC8-015A-3684-923C-CD6D23057603}.MinSizeRel|Win32.Build.0 = MinSizeRel|Win32
		{F9CFCFC8-015A-3684-923C-CD6D23057603}.RelWithDebInfo|Win32.ActiveCfg = RelWithDebInfo|Win32
		{F9CFCFC8-015A-3684-923C-CD6D23057603}.RelWithDebInfo|Win32.Build.0 = RelWithDebInfo|Win32
		{95B19A25-0059-31DF-A7D2-14CD4BAA3FC6}.Debug|Win32.ActiveCfg = Debug|Win32
		{95B19A25-0059-31DF-A7D2-14CD4BAA3FC6}.Debug|Win32.Build.0 = Debug|Win32
		{95B19A25-0059-31DF-A7D2-14CD4BAA3FC6}.Release|Win32.ActiveCfg = Release|Win32
		{95B19A25-0059-31DF-A7D2-14CD4BAA3FC6}.Release|Win32.Build.0 = Release|Win32
		{95B19A25-0059-31DF-A7D2-14CD4BAA3FC6}.MinSizeRel|Win32.ActiveCfg = MinSizeRel|Win32
		{95B19A25-0059-31DF-A7D2-14CD4BAA3FC6}.MinSizeRel|Win32.Build.0 = MinSizeRel|Win32
		{95B19A25-0059-31DF-A7D2-14CD4BAA3FC6}.RelWithDebInfo|Win32.ActiveCfg = RelWithDebInfo|Win32
		{95B19A25-0059-31DF-A7D2-14CD4BAA3FC6}.RelWithDebInfo|Win32.Build.0 = RelWithDebInfo|Win32
		{831D4768-6D7D-3AF5-A16E-1C82EE958EE5}.Debug|Win32.ActiveCfg = Debug|Win32
		{831D4768-6D7D-3AF5-A16E-1C82EE958EE5}.Release|Win32.ActiveCfg = Release|Win32
		{831D4768-6D7D-3AF5-A16E-1C82EE958EE5}.MinSizeRel|Win32.ActiveCfg = MinSizeRel|Win32
		{831D4768-6D7D-3AF5-A16E-1C82EE958EE5}.RelWithDebInfo|Win32.ActiveCfg = RelWithDebInfo|Win32
		{DF55B175-E854-358A-A881-8CC85DE5F84E}.Debug|Win32.ActiveCfg = Debug|Win32
		{DF55B175-E854-358A-A881-8CC85DE5F84E}.Debug|Win32.Build.0 = Debug|Win32
		{DF55B175-E854-358A-A881-8CC85DE5F84E}.Release|Win32.ActiveCfg = Release|Win32
		{DF55B175-E854-358A-A881-8CC85DE5F84E}.Release|Win32.Build.0 = Release|Win32
		{DF55B175-E854-358A-A881-8CC85DE5F84E}.MinSizeRel|Win32.ActiveCfg = MinSizeRel|Win32
		{DF55B175-E854-358A-A881-8CC85DE5F84E}.MinSizeRel|Win32.Build.0 = MinSizeRel|Win32
		{DF55B175-E854-358A-A881-8CC85DE5F84E}.RelWithDebInfo|Win32.ActiveCfg = RelWithDebInfo|Win32
		{DF55B175-E854-358A-A881-8CC85DE5F84E}.RelWithDebInfo|Win32.Build.0 = RelWithDebInfo|Win32
		{2A44502D-8AA1-32EA-9549-4DA952C683CE}.Debug|Win32.ActiveCfg = Debug|Win32
		{2A44502D-8AA1-32EA-9549-4DA952C683CE}.Debug|Win32.Build.0 = Debug|Win32
		{2A44502D-8AA1-32EA-9549-4DA952C683CE}.Release|Win32.ActiveCfg = Release|Win32
		{2A44502D-8AA1-32EA-9549-4DA952C683CE}.Release|Win32.Build.0 = Release|Win32
		{2A44502D-8AA1-32EA-9549-4DA952C683CE}.MinSizeRel|Win32.ActiveCfg = MinSizeRel|Win32
		{2A44502D-8AA1-32EA-9549-4DA952C683CE}.MinSizeRel|Win32.Build.0 = MinSizeRel|Win32
		{2A44502D-8AA1-32EA-9549-4DA952C683CE}.RelWithDebInfo|Win32.ActiveCfg = RelWithDebInfo|Win32
		{2A44502D-8AA1-32EA-9549-4DA952C683CE}.RelWithDebInfo|Win32.Build.0 = RelWithDebInfo|Win32
		{B245D269-AF8D-3B9A-B372-402C17AE9E57}.Debug|Win32.ActiveCfg = Debug|Win32
		{B245D269-AF8D-3B9A-B372-402C17AE9E57}.Debug|Win32.Build.0 = Debug|Win32
		{B245D269-AF8D-3B9A-B372-402C17AE9E57}.Release|Win32.ActiveCfg = Release|Win32
		{B245D269-AF8D-3B9A-B372-402C17AE9E57}.Release|Win32.Build.0 = Release|Win32
		{B245D269-AF8D-3B9A-B372-402C17AE9E57}.MinSizeRel|Win32.ActiveCfg = MinSizeRel|Win32
		{B245D269-AF8D-3B9A-B372-402C17AE9E57}.MinSizeRel|Win32.Build.0 = MinSizeRel|Win32
		{B245D269-AF8D-3B9A-B372-402C17AE9E57}.RelWithDebInfo|Win32.ActiveCfg = RelWithDebInfo|Win32
		{B245D269-AF8D-3B9A-B372-402C17AE9E57}.RelWithDebInfo|Win32.Build.0 = RelWithDebInfo|Win32
		{7FFC7A5F-FD6D-35AC-9972-4E2F8B81944E}.Debug|Win32.ActiveCfg = Debug|Win32
		{7FFC7A5F-FD6D-35AC-9972-4E2F8B81944E}.Debug|Win32.Build.0 = Debug|Win32
		{7FFC7A5F-FD6D-35AC-9972-4E2F8B81944E}.Release|Win32.ActiveCfg = Release|Win32
		{7FFC7A5F-FD6D-35AC-9972-4E2F8B81944E}.Release|Win32.Build.0 = Release|Win32
		{7FFC7A5F-FD6D-35AC-9972-4E2F8B81944E}.MinSizeRel|Win32.ActiveCfg = MinSizeRel|Win32
		{7FFC7A5F-FD6D-35AC-9972-4E2F8B81944E}.MinSizeRel|Win32.Build.0 = MinSizeRel|Win32
		{7FFC7A5F-FD6D-35AC-9972-4E2F8B81944E}.RelWithDebInfo|Win32.ActiveCfg = RelWithDebInfo|Win32
		{7FFC7A5F-FD6D-35AC-9972-4E2F8B81944E}.RelWithDebInfo|Win32.Build.0 = RelWithDebInfo|Win32
		{1EDA5224-FB1C-31DD-B7FD-BABFA4DF9353}.Debug|Win32.ActiveCfg = Debug|Win32
		{1EDA5224-FB1C-31DD-B7FD-BABFA4DF9353}.Debug|Win32.Build.0 = Debug|Win32
		{1EDA5224-FB1C-31DD-B7FD-BABFA4DF9353}.Release|Win32.ActiveCfg = Release|Win32
		{1EDA5224-FB1C-31DD-B7FD-BABFA4DF9353}.Release|Win32.Build.0 = Release|Win32
		{1EDA5224-FB1C-31DD-B7FD-BABFA4DF9353}.MinSizeRel|Win32.ActiveCfg = MinSizeRel|Win32
		{1EDA5224-FB1C-31DD-B7FD-BABFA4DF9353}.MinSizeRel|Win32.Build.0 = MinSizeRel|Win32
		{1EDA5224-FB1C-31DD-B7FD-BABFA4DF9353}.RelWithDebInfo|Win32.ActiveCfg = RelWithDebInfo|Win32
		{1EDA5224-FB1C-31DD-B7FD-BABFA4DF9353}.RelWithDebInfo|Win32.Build.0 = RelWithDebInfo|Win32
		{610F11F1-1DFE-31D2-87E8-19B606CC63AE}.Debug|Win32.ActiveCfg = Debug|Win32
		{610F11F1-1DFE-31D2-87E8-19B606CC63AE}.Debug|Win32.Build.0 = Debug|Win32
		{610F11F1-1DFE-31D2-87E8-19B606CC63AE}.Release|Win32.ActiveCfg = Release|Win32
		{610F11F1-1DFE-31D2-87E8-19B606CC63AE}.Release|Win32.Build.0 = Release|Win32
		{610F11F1-1DFE-31D2-87E8-19B606CC63AE}.MinSizeRel|Win32.ActiveCfg = MinSizeRel|Win32
		{610F11F1-1DFE-31D2-87E8-19B606CC63AE}.MinSizeRel|Win32.Build.0 = MinSizeRel|Win32
		{610F11F1-1DFE-31D2-87E8-19B606CC63AE}.RelWithDebInfo|Win32.ActiveCfg = RelWithDebInfo|Win32
		{610F11F1-1DFE-31D2-87E8-19B606CC63AE}.RelWithDebInfo|Win32.Build.0 = RelWithDebInfo|Win32
		{B8A128E4-8279-3868-920B-4547284E520E}.Debug|Win32.ActiveCfg = Debug|Win32
		{B8A128E4-8279-3868-920B-4547284E520E}.Debug|Win32.Build.0 = Debug|Win32
		{B8A128E4-8279-3868-920B-4547284E520E}.Release|Win32.ActiveCfg = Release|Win32
		{B8A128E4-8279-3868-920B-4547284E520E}.Release|Win32.Build.0 = Release|Win32
		{B8A128E4-8279-3868-920B-4547284E520E}.MinSizeRel|Win32.ActiveCfg = MinSizeRel|Win32
		{B8A128E4-8279-3868-920B-4547284E520E}.MinSizeRel|Win32.Build.0 = MinSizeRel|Win32
		{B8A128E4-8279-3868-920B-4547284E520E}.RelWithDebInfo|Win32.ActiveCfg = RelWithDebInfo|Win32
		{B8A128E4-8279-3868-920B-4547284E520E}.RelWithDebInfo|Win32.Build.0 = RelWithDebInfo|Win32
		{1CDD63BC-C1F5-3A14-94E9-4EBE40007835}.Debug|Win32.ActiveCfg = Debug|Win32
		{1CDD63BC-C1F5-3A14-94E9-4EBE40007835}.Debug|Win32.Build.0 = Debug|Win32
		{1CDD63BC-C1F5-3A14-94E9-4EBE40007835}.Release|Win32.ActiveCfg = Release|Win32
		{1CDD63BC-C1F5-3A14-94E9-4EBE40007835}.Release|Win32.Build.0 = Release|Win32
		{1CDD63BC-C1F5-3A14-94E9-4EBE40007835}.MinSizeRel|Win32.ActiveCfg = MinSizeRel|Win32
		{1CDD63BC-C1F5-3A14-94E9-4EBE40007835}.MinSizeRel|Win32.Build.0 = MinSizeRel|Win32
		{1CDD63BC-C1F5-3A14-94E9-4EBE40007835}.RelWithDebInfo|Win32.ActiveCfg = RelWithDebInfo|Win32
		{1CDD63BC-C1F5-3A14-94E9-4EBE40007835}.RelWithDebInfo|Win32.Build.0 = RelWithDebInfo|Win32
		{5F5E16ED-8D56-3450-8455-CB8FF9639FF5}.Debug|Win32.ActiveCfg = Debug|Win32
		{5F5E16ED-8D56-3450-8455-CB8FF9639FF5}.Debug|Win32.Build.0 = Debug|Win32
		{5F5E16ED-8D56-3450-8455-CB8FF9639FF5}.Release|Win32.ActiveCfg = Release|Win32
		{5F5E16ED-8D56-3450-8455-CB8FF9639FF5}.Release|Win32.Build.0 = Release|Win32
		{5F5E16ED-8D56-3450-8455-CB8FF9639FF5}.MinSizeRel|Win32.ActiveCfg = MinSizeRel|Win32
		{5F5E16ED-8D56-3450-8455-CB8FF9639FF5}.MinSizeRel|Win32.Build.0 = MinSizeRel|Win32
		{5F5E16ED-8D56-3450-8455-CB8FF9639FF5}.RelWithDebInfo|Win32.ActiveCfg = RelWithDebInfo|Win32
		{5F5E16ED-8D56-3450-8455-CB8FF9639FF5}.RelWithDebInfo|Win32.Build.0 = RelWithDebInfo|Win32
		{17148655-C9AB-333F-B85B-7257E599C726}.Debug|Win32.ActiveCfg = Debug|Win32
		{17148655-C9AB-333F-B85B-7257E599C726}.Debug|Win32.Build.0 = Debug|Win32
		{17148655-C9AB-333F-B85B-7257E599C726}.Release|Win32.ActiveCfg = Release|Win32
		{17148655-C9AB-333F-B85B-7257E599C726}.Release|Win32.Build.0 = Release|Win32
		{17148655-C9AB-333F-B85B-7257E599C726}.MinSizeRel|Win32.ActiveCfg = MinSizeRel|Win32
		{17148655-C9AB-333F-B85B-7257E599C726}.MinSizeRel|Win32.Build.0 = MinSizeRel|Win32
		{17148655-C9AB-333F-B85B-7257E599C726}.RelWithDebInfo|Win32.ActiveCfg = RelWithDebInfo|Win32
		{17148655-C9AB-333F-B85B-7257E599C726}.RelWithDebInfo|Win32.Build.0 = RelWithDebInfo|Win32
		{589CC59C-7B3A-32BA-A8DF-F4B4819E8592}.Debug|Win32.ActiveCfg = Debug|Win32
		{589CC59C-7B3A-32BA-A8DF-F4B4819E8592}.Debug|Win32.Build.0 = Debug|Win32
		{589CC59C-7B3A-32BA-A8DF-F4B4819E8592}.Release|Win32.ActiveCfg = Release|Win32
		{589CC59C-7B3A-32BA-A8DF-F4B4819E8592}.Release|Win32.Build.0 = Release|Win32
		{589CC59C-7B3A-32BA-A8DF-F4B4819E8592}.MinSizeRel|Win32.ActiveCfg = MinSizeRel|Win32
		{589CC59C-7B3A-32BA-A8DF-F4B4819E8592}.MinSizeRel|Win32.Build.0 = MinSizeRel|Win32
		{589CC59C-7B3A-32BA-A8DF-F4B4819E8592}.RelWithDebInfo|Win32.ActiveCfg = RelWithDebInfo|Win32
		{589CC59C-7B3A-32BA-A8DF-F4B4819E8592}.RelWithDebInfo|Win32.Build.0 = RelWithDebInfo|Win32
		{F38C534F-7F13-3AA3-A122-BF84516E1BB6}.Debug|Win32.ActiveCfg = Debug|Win32
		{F38C534F-7F13-3AA3-A122-BF84516E1BB6}.Debug|Win32.Build.0 = Debug|Win32
		{F38C534F-7F13-3AA3-A122-BF84516E1BB6}.Release|Win32.ActiveCfg = Release|Win32
		{F38C534F-7F13-3AA3-A122-BF84516E1BB6}.Release|Win32.Build.0 = Release|Win32
		{F38C534F-7F13-3AA3-A122-BF84516E1BB6}.MinSizeRel|Win32.ActiveCfg = MinSizeRel|Win32
		{F38C534F-7F13-3AA3-A122-BF84516E1BB6}.MinSizeRel|Win32.Build.0 = MinSizeRel|Win32
		{F38C534F-7F13-3AA3-A122-BF84516E1BB6}.RelWithDebInfo|Win32.ActiveCfg = RelWithDebInfo|Win32
		{F38C534F-7F13-3AA3-A122-BF84516E1BB6}.RelWithDebInfo|Win32.Build.0 = RelWithDebInfo|Win32
		{9B0809B0-4302-3349-A6F1-81DCD6C4D6F2}.Debug|Win32.ActiveCfg = Debug|Win32
		{9B0809B0-4302-3349-A6F1-81DCD6C4D6F2}.Debug|Win32.Build.0 = Debug|Win32
		{9B0809B0-4302-3349-A6F1-81DCD6C4D6F2}.Release|Win32.ActiveCfg = Release|Win32
		{9B0809B0-4302-3349-A6F1-81DCD6C4D6F2}.Release|Win32.Build.0 = Release|Win32
		{9B0809B0-4302-3349-A6F1-81DCD6C4D6F2}.MinSizeRel|Win32.ActiveCfg = MinSizeRel|Win32
		{9B0809B0-4302-3349-A6F1-81DCD6C4D6F2}.MinSizeRel|Win32.Build.0 = MinSizeRel|Win32
		{9B0809B0-4302-3349-A6F1-81DCD6C4D6F2}.RelWithDebInfo|Win32.ActiveCfg = RelWithDebInfo|Win32
		{9B0809B0-4302-3349-A6F1-81DCD6C4D6F2}.RelWithDebInfo|Win32.Build.0 = RelWithDebInfo|Win32
		{2642B407-27FE-3B2B-98EE-904A41AD7AB5}.Debug|Win32.ActiveCfg = Debug|Win32
		{2642B407-27FE-3B2B-98EE-904A41AD7AB5}.Debug|Win32.Build.0 = Debug|Win32
		{2642B407-27FE-3B2B-98EE-904A41AD7AB5}.Release|Win32.ActiveCfg = Release|Win32
		{2642B407-27FE-3B2B-98EE-904A41AD7AB5}.Release|Win32.Build.0 = Release|Win32
		{2642B407-27FE-3B2B-98EE-904A41AD7AB5}.MinSizeRel|Win32.ActiveCfg = MinSizeRel|Win32
		{2642B407-27FE-3B2B-98EE-904A41AD7AB5}.MinSizeRel|Win32.Build.0 = MinSizeRel|Win32
		{2642B407-27FE-3B2B-98EE-904A41AD7AB5}.RelWithDebInfo|Win32.ActiveCfg = RelWithDebInfo|Win32
		{2642B407-27FE-3B2B-98EE-904A41AD7AB5}.RelWithDebInfo|Win32.Build.0 = RelWithDebInfo|Win32
	EndGlobalSection
	GlobalSection(ExtensibilityGlobals) = postSolution
	EndGlobalSection
	GlobalSection(ExtensibilityAddIns) = postSolution
	EndGlobalSection
EndGlobal
